// !$*UTF8*$!
{
	archiveVersion = 1;
	classes = {
	};
	objectVersion = 46;
	objects = {

/* Begin PBXBuildFile section */
		69112EA51DEB26280081246A /* GameOverScene.sks in Resources */ = {isa = PBXBuildFile; fileRef = 69112EA31DEB26280081246A /* GameOverScene.sks */; };
		69112EA61DEB26280081246A /* GameOverScene.swift in Sources */ = {isa = PBXBuildFile; fileRef = 69112EA41DEB26280081246A /* GameOverScene.swift */; };
<<<<<<< HEAD
=======
		693514A81DFBB23200155368 /* Level6.swift in Sources */ = {isa = PBXBuildFile; fileRef = 693514A71DFBB23200155368 /* Level6.swift */; };
		693514AE1DFBF20800155368 /* multiLivesEnemy.swift in Sources */ = {isa = PBXBuildFile; fileRef = 693514AD1DFBF20800155368 /* multiLivesEnemy.swift */; };
>>>>>>> 4eb24d87303b366be77dbf10c21b2c948b7ca810
		6992493E1DF02FA100178B99 /* GameOver.swift in Sources */ = {isa = PBXBuildFile; fileRef = 6992493D1DF02FA100178B99 /* GameOver.swift */; };
		69C90C5E1DFB526F0036ADEE /* Level4.swift in Sources */ = {isa = PBXBuildFile; fileRef = 69C90C5D1DFB526F0036ADEE /* Level4.swift */; };
		BF12183A1DFC905E00685F05 /* ping6.wav in Resources */ = {isa = PBXBuildFile; fileRef = BF1218391DFC905E00685F05 /* ping6.wav */; };
		BF17870F1DE4057B00BF12CE /* Controller.swift in Sources */ = {isa = PBXBuildFile; fileRef = BF17870E1DE4057B00BF12CE /* Controller.swift */; };
		BF1787111DE4059000BF12CE /* View.swift in Sources */ = {isa = PBXBuildFile; fileRef = BF1787101DE4059000BF12CE /* View.swift */; };
		BF1787131DE4071100BF12CE /* PlayerController.swift in Sources */ = {isa = PBXBuildFile; fileRef = BF1787121DE4071100BF12CE /* PlayerController.swift */; };
		BF2A98471DE9DF0300BC60B2 /* Utils.swift in Sources */ = {isa = PBXBuildFile; fileRef = BF2A98461DE9DF0300BC60B2 /* Utils.swift */; };
		BF2A984B1DE9F81A00BC60B2 /* shatter.sks in Resources */ = {isa = PBXBuildFile; fileRef = BF2A984A1DE9F81A00BC60B2 /* shatter.sks */; };
		BF2A98591DE9FB0C00BC60B2 /* Triangle.png in Resources */ = {isa = PBXBuildFile; fileRef = BF2A98561DE9FB0C00BC60B2 /* Triangle.png */; };
		BF2A985A1DE9FB0C00BC60B2 /* Triangle@2x.png in Resources */ = {isa = PBXBuildFile; fileRef = BF2A98571DE9FB0C00BC60B2 /* Triangle@2x.png */; };
		BF2A985B1DE9FB0C00BC60B2 /* Triangle@3x.png in Resources */ = {isa = PBXBuildFile; fileRef = BF2A98581DE9FB0C00BC60B2 /* Triangle@3x.png */; };
		BF2A985D1DEA872500BC60B2 /* ExplosionController.swift in Sources */ = {isa = PBXBuildFile; fileRef = BF2A985C1DEA872500BC60B2 /* ExplosionController.swift */; };
		BF2A985F1DEA9AB100BC60B2 /* earthquake.wav in Resources */ = {isa = PBXBuildFile; fileRef = BF2A985E1DEA9AB100BC60B2 /* earthquake.wav */; };
		BF5590E41DFBE562001DC42D /* Level7.swift in Sources */ = {isa = PBXBuildFile; fileRef = BF5590E31DFBE562001DC42D /* Level7.swift */; };
		BF5590E61DFBEDC5001DC42D /* SevenColorsController.swift in Sources */ = {isa = PBXBuildFile; fileRef = BF5590E51DFBEDC5001DC42D /* SevenColorsController.swift */; };
		BF5590E81DFBF574001DC42D /* ProtectTriangleController.swift in Sources */ = {isa = PBXBuildFile; fileRef = BF5590E71DFBF574001DC42D /* ProtectTriangleController.swift */; };
		BF7EE0981DFB499700D217C9 /* Level3.swift in Sources */ = {isa = PBXBuildFile; fileRef = BF7EE0971DFB499700D217C9 /* Level3.swift */; };
		BF7EE09B1DFB5BBC00D217C9 /* ping1.wav in Resources */ = {isa = PBXBuildFile; fileRef = BF7EE09A1DFB5BBC00D217C9 /* ping1.wav */; };
		BF7EE09D1DFB5C0300D217C9 /* ultraflow.wav in Resources */ = {isa = PBXBuildFile; fileRef = BF7EE09C1DFB5C0300D217C9 /* ultraflow.wav */; };
		BF7EE0A11DFBC00600D217C9 /* Level5.swift in Sources */ = {isa = PBXBuildFile; fileRef = BF7EE0A01DFBC00600D217C9 /* Level5.swift */; };
		BF7EE0A31DFBC26F00D217C9 /* WallController.swift in Sources */ = {isa = PBXBuildFile; fileRef = BF7EE0A21DFBC26F00D217C9 /* WallController.swift */; };
		BFB1F3591DE49C8600EEA0E1 /* Constants.swift in Sources */ = {isa = PBXBuildFile; fileRef = BFB1F3581DE49C8600EEA0E1 /* Constants.swift */; };
		BFB1F35B1DE49FA000EEA0E1 /* Color.swift in Sources */ = {isa = PBXBuildFile; fileRef = BFB1F35A1DE49FA000EEA0E1 /* Color.swift */; };
		BFB1F35D1DE4A5D200EEA0E1 /* EnemyController.swift in Sources */ = {isa = PBXBuildFile; fileRef = BFB1F35C1DE4A5D200EEA0E1 /* EnemyController.swift */; };
		BFC163011DFD049900E688AF /* Level2.sks in Resources */ = {isa = PBXBuildFile; fileRef = BFC163001DFD049900E688AF /* Level2.sks */; };
		BFC163031DFD04A100E688AF /* Level3.sks in Resources */ = {isa = PBXBuildFile; fileRef = BFC163021DFD04A100E688AF /* Level3.sks */; };
		BFC163051DFD04B000E688AF /* Level4.sks in Resources */ = {isa = PBXBuildFile; fileRef = BFC163041DFD04B000E688AF /* Level4.sks */; };
		BFC163071DFD04B800E688AF /* Level5.sks in Resources */ = {isa = PBXBuildFile; fileRef = BFC163061DFD04B800E688AF /* Level5.sks */; };
		BFC163091DFD04C200E688AF /* Level6.sks in Resources */ = {isa = PBXBuildFile; fileRef = BFC163081DFD04C200E688AF /* Level6.sks */; };
		BFC1630B1DFD04CA00E688AF /* Level7.sks in Resources */ = {isa = PBXBuildFile; fileRef = BFC1630A1DFD04CA00E688AF /* Level7.sks */; };
		BFD857C31DFADD2900C88B02 /* Scene.swift in Sources */ = {isa = PBXBuildFile; fileRef = BFD857C21DFADD2900C88B02 /* Scene.swift */; };
		BFDCE8AA1DFB01CB00931672 /* Level1.sks in Resources */ = {isa = PBXBuildFile; fileRef = BFDCE8A91DFB01CB00931672 /* Level1.sks */; };
		BFDF099F1DE80C90004226DB /* Shape.swift in Sources */ = {isa = PBXBuildFile; fileRef = BFDF099E1DE80C90004226DB /* Shape.swift */; };
		BFDF09A11DE80E50004226DB /* ChangeColorController.swift in Sources */ = {isa = PBXBuildFile; fileRef = BFDF09A01DE80E50004226DB /* ChangeColorController.swift */; };
		BFDF1FD81DF9A46F004BC259 /* Level1.swift in Sources */ = {isa = PBXBuildFile; fileRef = BFDF1FD71DF9A46F004BC259 /* Level1.swift */; };
		BFDF1FDA1DF9A4C1004BC259 /* Menu.swift in Sources */ = {isa = PBXBuildFile; fileRef = BFDF1FD91DF9A4C1004BC259 /* Menu.swift */; };
		BFE6BB081DE3F74E00E362C5 /* AppDelegate.swift in Sources */ = {isa = PBXBuildFile; fileRef = BFE6BB071DE3F74E00E362C5 /* AppDelegate.swift */; };
		BFE6BB0C1DE3F74E00E362C5 /* Actions.sks in Resources */ = {isa = PBXBuildFile; fileRef = BFE6BB0B1DE3F74E00E362C5 /* Actions.sks */; };
		BFE6BB0E1DE3F74E00E362C5 /* Level2.swift in Sources */ = {isa = PBXBuildFile; fileRef = BFE6BB0D1DE3F74E00E362C5 /* Level2.swift */; };
		BFE6BB101DE3F74E00E362C5 /* GameViewController.swift in Sources */ = {isa = PBXBuildFile; fileRef = BFE6BB0F1DE3F74E00E362C5 /* GameViewController.swift */; };
		BFE6BB131DE3F74E00E362C5 /* Main.storyboard in Resources */ = {isa = PBXBuildFile; fileRef = BFE6BB111DE3F74E00E362C5 /* Main.storyboard */; };
		BFE6BB151DE3F74E00E362C5 /* Assets.xcassets in Resources */ = {isa = PBXBuildFile; fileRef = BFE6BB141DE3F74E00E362C5 /* Assets.xcassets */; };
		BFE6BB181DE3F74E00E362C5 /* LaunchScreen.storyboard in Resources */ = {isa = PBXBuildFile; fileRef = BFE6BB161DE3F74E00E362C5 /* LaunchScreen.storyboard */; };
/* End PBXBuildFile section */

/* Begin PBXFileReference section */
		69112EA31DEB26280081246A /* GameOverScene.sks */ = {isa = PBXFileReference; lastKnownFileType = file.sks; path = GameOverScene.sks; sourceTree = "<group>"; };
		69112EA41DEB26280081246A /* GameOverScene.swift */ = {isa = PBXFileReference; fileEncoding = 4; lastKnownFileType = sourcecode.swift; path = GameOverScene.swift; sourceTree = "<group>"; };
<<<<<<< HEAD
=======
		693514A71DFBB23200155368 /* Level6.swift */ = {isa = PBXFileReference; fileEncoding = 4; lastKnownFileType = sourcecode.swift; path = Level6.swift; sourceTree = "<group>"; };
		693514AD1DFBF20800155368 /* multiLivesEnemy.swift */ = {isa = PBXFileReference; fileEncoding = 4; lastKnownFileType = sourcecode.swift; path = multiLivesEnemy.swift; sourceTree = "<group>"; };
>>>>>>> 4eb24d87303b366be77dbf10c21b2c948b7ca810
		6992493D1DF02FA100178B99 /* GameOver.swift */ = {isa = PBXFileReference; fileEncoding = 4; lastKnownFileType = sourcecode.swift; path = GameOver.swift; sourceTree = "<group>"; };
		69C90C5D1DFB526F0036ADEE /* Level4.swift */ = {isa = PBXFileReference; fileEncoding = 4; lastKnownFileType = sourcecode.swift; path = Level4.swift; sourceTree = "<group>"; };
		BF1218391DFC905E00685F05 /* ping6.wav */ = {isa = PBXFileReference; lastKnownFileType = audio.wav; path = ping6.wav; sourceTree = "<group>"; };
		BF17870E1DE4057B00BF12CE /* Controller.swift */ = {isa = PBXFileReference; fileEncoding = 4; lastKnownFileType = sourcecode.swift; path = Controller.swift; sourceTree = "<group>"; };
		BF1787101DE4059000BF12CE /* View.swift */ = {isa = PBXFileReference; fileEncoding = 4; lastKnownFileType = sourcecode.swift; path = View.swift; sourceTree = "<group>"; };
		BF1787121DE4071100BF12CE /* PlayerController.swift */ = {isa = PBXFileReference; fileEncoding = 4; lastKnownFileType = sourcecode.swift; path = PlayerController.swift; sourceTree = "<group>"; };
		BF2A98461DE9DF0300BC60B2 /* Utils.swift */ = {isa = PBXFileReference; fileEncoding = 4; lastKnownFileType = sourcecode.swift; path = Utils.swift; sourceTree = "<group>"; };
		BF2A984A1DE9F81A00BC60B2 /* shatter.sks */ = {isa = PBXFileReference; lastKnownFileType = file.sks; path = shatter.sks; sourceTree = "<group>"; };
		BF2A98561DE9FB0C00BC60B2 /* Triangle.png */ = {isa = PBXFileReference; lastKnownFileType = image.png; path = Triangle.png; sourceTree = "<group>"; };
		BF2A98571DE9FB0C00BC60B2 /* Triangle@2x.png */ = {isa = PBXFileReference; lastKnownFileType = image.png; path = "Triangle@2x.png"; sourceTree = "<group>"; };
		BF2A98581DE9FB0C00BC60B2 /* Triangle@3x.png */ = {isa = PBXFileReference; lastKnownFileType = image.png; path = "Triangle@3x.png"; sourceTree = "<group>"; };
		BF2A985C1DEA872500BC60B2 /* ExplosionController.swift */ = {isa = PBXFileReference; fileEncoding = 4; lastKnownFileType = sourcecode.swift; path = ExplosionController.swift; sourceTree = "<group>"; };
		BF2A985E1DEA9AB100BC60B2 /* earthquake.wav */ = {isa = PBXFileReference; lastKnownFileType = audio.wav; path = earthquake.wav; sourceTree = "<group>"; };
		BF5590E31DFBE562001DC42D /* Level7.swift */ = {isa = PBXFileReference; fileEncoding = 4; lastKnownFileType = sourcecode.swift; path = Level7.swift; sourceTree = "<group>"; };
		BF5590E51DFBEDC5001DC42D /* SevenColorsController.swift */ = {isa = PBXFileReference; fileEncoding = 4; lastKnownFileType = sourcecode.swift; path = SevenColorsController.swift; sourceTree = "<group>"; };
		BF5590E71DFBF574001DC42D /* ProtectTriangleController.swift */ = {isa = PBXFileReference; fileEncoding = 4; lastKnownFileType = sourcecode.swift; path = ProtectTriangleController.swift; sourceTree = "<group>"; };
		BF7EE0971DFB499700D217C9 /* Level3.swift */ = {isa = PBXFileReference; fileEncoding = 4; lastKnownFileType = sourcecode.swift; path = Level3.swift; sourceTree = "<group>"; };
		BF7EE09A1DFB5BBC00D217C9 /* ping1.wav */ = {isa = PBXFileReference; lastKnownFileType = audio.wav; path = ping1.wav; sourceTree = "<group>"; };
		BF7EE09C1DFB5C0300D217C9 /* ultraflow.wav */ = {isa = PBXFileReference; lastKnownFileType = audio.wav; path = ultraflow.wav; sourceTree = "<group>"; };
		BF7EE0A01DFBC00600D217C9 /* Level5.swift */ = {isa = PBXFileReference; fileEncoding = 4; lastKnownFileType = sourcecode.swift; path = Level5.swift; sourceTree = "<group>"; };
		BF7EE0A21DFBC26F00D217C9 /* WallController.swift */ = {isa = PBXFileReference; fileEncoding = 4; lastKnownFileType = sourcecode.swift; path = WallController.swift; sourceTree = "<group>"; };
		BFB1F3581DE49C8600EEA0E1 /* Constants.swift */ = {isa = PBXFileReference; fileEncoding = 4; lastKnownFileType = sourcecode.swift; path = Constants.swift; sourceTree = "<group>"; };
		BFB1F35A1DE49FA000EEA0E1 /* Color.swift */ = {isa = PBXFileReference; fileEncoding = 4; lastKnownFileType = sourcecode.swift; path = Color.swift; sourceTree = "<group>"; };
		BFB1F35C1DE4A5D200EEA0E1 /* EnemyController.swift */ = {isa = PBXFileReference; fileEncoding = 4; lastKnownFileType = sourcecode.swift; path = EnemyController.swift; sourceTree = "<group>"; };
		BFC163001DFD049900E688AF /* Level2.sks */ = {isa = PBXFileReference; lastKnownFileType = file.sks; path = Level2.sks; sourceTree = "<group>"; };
		BFC163021DFD04A100E688AF /* Level3.sks */ = {isa = PBXFileReference; lastKnownFileType = file.sks; path = Level3.sks; sourceTree = "<group>"; };
		BFC163041DFD04B000E688AF /* Level4.sks */ = {isa = PBXFileReference; lastKnownFileType = file.sks; path = Level4.sks; sourceTree = "<group>"; };
		BFC163061DFD04B800E688AF /* Level5.sks */ = {isa = PBXFileReference; lastKnownFileType = file.sks; path = Level5.sks; sourceTree = "<group>"; };
		BFC163081DFD04C200E688AF /* Level6.sks */ = {isa = PBXFileReference; lastKnownFileType = file.sks; path = Level6.sks; sourceTree = "<group>"; };
		BFC1630A1DFD04CA00E688AF /* Level7.sks */ = {isa = PBXFileReference; lastKnownFileType = file.sks; path = Level7.sks; sourceTree = "<group>"; };
		BFD857C21DFADD2900C88B02 /* Scene.swift */ = {isa = PBXFileReference; fileEncoding = 4; lastKnownFileType = sourcecode.swift; path = Scene.swift; sourceTree = "<group>"; };
		BFDCE8A91DFB01CB00931672 /* Level1.sks */ = {isa = PBXFileReference; lastKnownFileType = file.sks; path = Level1.sks; sourceTree = "<group>"; };
		BFDF099E1DE80C90004226DB /* Shape.swift */ = {isa = PBXFileReference; fileEncoding = 4; lastKnownFileType = sourcecode.swift; path = Shape.swift; sourceTree = "<group>"; };
		BFDF09A01DE80E50004226DB /* ChangeColorController.swift */ = {isa = PBXFileReference; fileEncoding = 4; lastKnownFileType = sourcecode.swift; path = ChangeColorController.swift; sourceTree = "<group>"; };
		BFDF1FD71DF9A46F004BC259 /* Level1.swift */ = {isa = PBXFileReference; fileEncoding = 4; lastKnownFileType = sourcecode.swift; path = Level1.swift; sourceTree = "<group>"; };
		BFDF1FD91DF9A4C1004BC259 /* Menu.swift */ = {isa = PBXFileReference; fileEncoding = 4; lastKnownFileType = sourcecode.swift; path = Menu.swift; sourceTree = "<group>"; };
		BFE6BB041DE3F74E00E362C5 /* testPlatformer.app */ = {isa = PBXFileReference; explicitFileType = wrapper.application; includeInIndex = 0; path = testPlatformer.app; sourceTree = BUILT_PRODUCTS_DIR; };
		BFE6BB071DE3F74E00E362C5 /* AppDelegate.swift */ = {isa = PBXFileReference; lastKnownFileType = sourcecode.swift; path = AppDelegate.swift; sourceTree = "<group>"; };
		BFE6BB0B1DE3F74E00E362C5 /* Actions.sks */ = {isa = PBXFileReference; lastKnownFileType = file.sks; path = Actions.sks; sourceTree = "<group>"; };
		BFE6BB0D1DE3F74E00E362C5 /* Level2.swift */ = {isa = PBXFileReference; lastKnownFileType = sourcecode.swift; path = Level2.swift; sourceTree = "<group>"; };
		BFE6BB0F1DE3F74E00E362C5 /* GameViewController.swift */ = {isa = PBXFileReference; lastKnownFileType = sourcecode.swift; path = GameViewController.swift; sourceTree = "<group>"; };
		BFE6BB121DE3F74E00E362C5 /* Base */ = {isa = PBXFileReference; lastKnownFileType = file.storyboard; name = Base; path = Base.lproj/Main.storyboard; sourceTree = "<group>"; };
		BFE6BB141DE3F74E00E362C5 /* Assets.xcassets */ = {isa = PBXFileReference; lastKnownFileType = folder.assetcatalog; path = Assets.xcassets; sourceTree = "<group>"; };
		BFE6BB171DE3F74E00E362C5 /* Base */ = {isa = PBXFileReference; lastKnownFileType = file.storyboard; name = Base; path = Base.lproj/LaunchScreen.storyboard; sourceTree = "<group>"; };
		BFE6BB191DE3F74E00E362C5 /* Info.plist */ = {isa = PBXFileReference; lastKnownFileType = text.plist.xml; path = Info.plist; sourceTree = "<group>"; };
/* End PBXFileReference section */

/* Begin PBXFrameworksBuildPhase section */
		BFE6BB011DE3F74E00E362C5 /* Frameworks */ = {
			isa = PBXFrameworksBuildPhase;
			buildActionMask = 2147483647;
			files = (
			);
			runOnlyForDeploymentPostprocessing = 0;
		};
/* End PBXFrameworksBuildPhase section */

/* Begin PBXGroup section */
		BF7EE0991DFB5B8100D217C9 /* Sounds */ = {
			isa = PBXGroup;
			children = (
				BF7EE09C1DFB5C0300D217C9 /* ultraflow.wav */,
				BF7EE09A1DFB5BBC00D217C9 /* ping1.wav */,
				BF1218391DFC905E00685F05 /* ping6.wav */,
			);
			name = Sounds;
			sourceTree = "<group>";
		};
		BFDCE8AB1DFB01E000931672 /* Level */ = {
			isa = PBXGroup;
			children = (
				BFDF1FD71DF9A46F004BC259 /* Level1.swift */,
				BFDCE8A91DFB01CB00931672 /* Level1.sks */,
				BFE6BB0D1DE3F74E00E362C5 /* Level2.swift */,
				BFC163001DFD049900E688AF /* Level2.sks */,
				BF7EE0971DFB499700D217C9 /* Level3.swift */,
				BFC163021DFD04A100E688AF /* Level3.sks */,
				69C90C5D1DFB526F0036ADEE /* Level4.swift */,
				BFC163041DFD04B000E688AF /* Level4.sks */,
				BF7EE0A01DFBC00600D217C9 /* Level5.swift */,
				BFC163061DFD04B800E688AF /* Level5.sks */,
				BFC163081DFD04C200E688AF /* Level6.sks */,
				BF5590E31DFBE562001DC42D /* Level7.swift */,
				BFC1630A1DFD04CA00E688AF /* Level7.sks */,
				BFDF1FD91DF9A4C1004BC259 /* Menu.swift */,
			);
			name = Level;
			sourceTree = "<group>";
		};
		BFE6BAFB1DE3F74E00E362C5 = {
			isa = PBXGroup;
			children = (
				BFE6BB061DE3F74E00E362C5 /* testPlatformer */,
				BFE6BB051DE3F74E00E362C5 /* Products */,
			);
			sourceTree = "<group>";
		};
		BFE6BB051DE3F74E00E362C5 /* Products */ = {
			isa = PBXGroup;
			children = (
				BFE6BB041DE3F74E00E362C5 /* testPlatformer.app */,
			);
			name = Products;
			sourceTree = "<group>";
		};
		BFE6BB061DE3F74E00E362C5 /* testPlatformer */ = {
			isa = PBXGroup;
			children = (
				BF7EE0991DFB5B8100D217C9 /* Sounds */,
				BFDCE8AB1DFB01E000931672 /* Level */,
				BFE6BB071DE3F74E00E362C5 /* AppDelegate.swift */,
				BFE6BB0B1DE3F74E00E362C5 /* Actions.sks */,
				BFD857C21DFADD2900C88B02 /* Scene.swift */,
				69112EA41DEB26280081246A /* GameOverScene.swift */,
				BFE6BB0F1DE3F74E00E362C5 /* GameViewController.swift */,
				BFE6BB111DE3F74E00E362C5 /* Main.storyboard */,
				BFE6BB141DE3F74E00E362C5 /* Assets.xcassets */,
				BFE6BB161DE3F74E00E362C5 /* LaunchScreen.storyboard */,
				BFE6BB191DE3F74E00E362C5 /* Info.plist */,
				BF17870E1DE4057B00BF12CE /* Controller.swift */,
				BF1787121DE4071100BF12CE /* PlayerController.swift */,
				BF1787101DE4059000BF12CE /* View.swift */,
				BF5590E71DFBF574001DC42D /* ProtectTriangleController.swift */,
				BF5590E51DFBEDC5001DC42D /* SevenColorsController.swift */,
				BF7EE0A21DFBC26F00D217C9 /* WallController.swift */,
				693514AD1DFBF20800155368 /* multiLivesEnemy.swift */,
				BFB1F35C1DE4A5D200EEA0E1 /* EnemyController.swift */,
				BF2A985C1DEA872500BC60B2 /* ExplosionController.swift */,
				BFB1F3581DE49C8600EEA0E1 /* Constants.swift */,
				BFDF09A01DE80E50004226DB /* ChangeColorController.swift */,
				BFDF099E1DE80C90004226DB /* Shape.swift */,
				BF2A98571DE9FB0C00BC60B2 /* Triangle@2x.png */,
				BF2A98581DE9FB0C00BC60B2 /* Triangle@3x.png */,
				BF2A98561DE9FB0C00BC60B2 /* Triangle.png */,
				BF2A985E1DEA9AB100BC60B2 /* earthquake.wav */,
				BF2A98461DE9DF0300BC60B2 /* Utils.swift */,
				BFB1F35A1DE49FA000EEA0E1 /* Color.swift */,
				69112EA31DEB26280081246A /* GameOverScene.sks */,
				BF2A984A1DE9F81A00BC60B2 /* shatter.sks */,
				6992493D1DF02FA100178B99 /* GameOver.swift */,
			);
			path = testPlatformer;
			sourceTree = "<group>";
		};
/* End PBXGroup section */

/* Begin PBXNativeTarget section */
		BFE6BB031DE3F74E00E362C5 /* testPlatformer */ = {
			isa = PBXNativeTarget;
			buildConfigurationList = BFE6BB1C1DE3F74E00E362C5 /* Build configuration list for PBXNativeTarget "testPlatformer" */;
			buildPhases = (
				BFE6BB001DE3F74E00E362C5 /* Sources */,
				BFE6BB011DE3F74E00E362C5 /* Frameworks */,
				BFE6BB021DE3F74E00E362C5 /* Resources */,
			);
			buildRules = (
			);
			dependencies = (
			);
			name = testPlatformer;
			productName = testPlatformer;
			productReference = BFE6BB041DE3F74E00E362C5 /* testPlatformer.app */;
			productType = "com.apple.product-type.application";
		};
/* End PBXNativeTarget section */

/* Begin PBXProject section */
		BFE6BAFC1DE3F74E00E362C5 /* Project object */ = {
			isa = PBXProject;
			attributes = {
				LastSwiftUpdateCheck = 0810;
				LastUpgradeCheck = 0810;
				ORGANIZATIONNAME = "Jimmy Hoang";
				TargetAttributes = {
					BFE6BB031DE3F74E00E362C5 = {
						CreatedOnToolsVersion = 8.1;
						DevelopmentTeam = GDY7XCAX4D;
						ProvisioningStyle = Automatic;
					};
				};
			};
			buildConfigurationList = BFE6BAFF1DE3F74E00E362C5 /* Build configuration list for PBXProject "testPlatformer" */;
			compatibilityVersion = "Xcode 3.2";
			developmentRegion = English;
			hasScannedForEncodings = 0;
			knownRegions = (
				en,
				Base,
			);
			mainGroup = BFE6BAFB1DE3F74E00E362C5;
			productRefGroup = BFE6BB051DE3F74E00E362C5 /* Products */;
			projectDirPath = "";
			projectRoot = "";
			targets = (
				BFE6BB031DE3F74E00E362C5 /* testPlatformer */,
			);
		};
/* End PBXProject section */

/* Begin PBXResourcesBuildPhase section */
		BFE6BB021DE3F74E00E362C5 /* Resources */ = {
			isa = PBXResourcesBuildPhase;
			buildActionMask = 2147483647;
			files = (
				BF2A985F1DEA9AB100BC60B2 /* earthquake.wav in Resources */,
				BF12183A1DFC905E00685F05 /* ping6.wav in Resources */,
				BFE6BB131DE3F74E00E362C5 /* Main.storyboard in Resources */,
				BF2A98591DE9FB0C00BC60B2 /* Triangle.png in Resources */,
				BFC1630B1DFD04CA00E688AF /* Level7.sks in Resources */,
				BFC163071DFD04B800E688AF /* Level5.sks in Resources */,
				BFC163031DFD04A100E688AF /* Level3.sks in Resources */,
				BFC163091DFD04C200E688AF /* Level6.sks in Resources */,
				BFC163011DFD049900E688AF /* Level2.sks in Resources */,
				BFE6BB151DE3F74E00E362C5 /* Assets.xcassets in Resources */,
				BF2A985A1DE9FB0C00BC60B2 /* Triangle@2x.png in Resources */,
				BF2A984B1DE9F81A00BC60B2 /* shatter.sks in Resources */,
				BFE6BB181DE3F74E00E362C5 /* LaunchScreen.storyboard in Resources */,
				BFE6BB0C1DE3F74E00E362C5 /* Actions.sks in Resources */,
				BFC163051DFD04B000E688AF /* Level4.sks in Resources */,
				BF7EE09D1DFB5C0300D217C9 /* ultraflow.wav in Resources */,
				BF7EE09B1DFB5BBC00D217C9 /* ping1.wav in Resources */,
				69112EA51DEB26280081246A /* GameOverScene.sks in Resources */,
				BFDCE8AA1DFB01CB00931672 /* Level1.sks in Resources */,
				BF2A985B1DE9FB0C00BC60B2 /* Triangle@3x.png in Resources */,
			);
			runOnlyForDeploymentPostprocessing = 0;
		};
/* End PBXResourcesBuildPhase section */

/* Begin PBXSourcesBuildPhase section */
		BFE6BB001DE3F74E00E362C5 /* Sources */ = {
			isa = PBXSourcesBuildPhase;
			buildActionMask = 2147483647;
			files = (
				BFDF1FD81DF9A46F004BC259 /* Level1.swift in Sources */,
				BFE6BB0E1DE3F74E00E362C5 /* Level2.swift in Sources */,
				BF5590E61DFBEDC5001DC42D /* SevenColorsController.swift in Sources */,
				BFE6BB101DE3F74E00E362C5 /* GameViewController.swift in Sources */,
				69112EA61DEB26280081246A /* GameOverScene.swift in Sources */,
<<<<<<< HEAD
				BF5590E81DFBF574001DC42D /* ProtectTriangleController.swift in Sources */,
=======
				693514AE1DFBF20800155368 /* multiLivesEnemy.swift in Sources */,
>>>>>>> 4eb24d87303b366be77dbf10c21b2c948b7ca810
				6992493E1DF02FA100178B99 /* GameOver.swift in Sources */,
				BF1787131DE4071100BF12CE /* PlayerController.swift in Sources */,
				BF5590E41DFBE562001DC42D /* Level7.swift in Sources */,
				BF2A985D1DEA872500BC60B2 /* ExplosionController.swift in Sources */,
				BF1787111DE4059000BF12CE /* View.swift in Sources */,
				BFD857C31DFADD2900C88B02 /* Scene.swift in Sources */,
				BFB1F3591DE49C8600EEA0E1 /* Constants.swift in Sources */,
				BFDF099F1DE80C90004226DB /* Shape.swift in Sources */,
				BF7EE0A11DFBC00600D217C9 /* Level5.swift in Sources */,
				BFB1F35B1DE49FA000EEA0E1 /* Color.swift in Sources */,
				BFE6BB081DE3F74E00E362C5 /* AppDelegate.swift in Sources */,
				BFB1F35D1DE4A5D200EEA0E1 /* EnemyController.swift in Sources */,
				BFDF1FDA1DF9A4C1004BC259 /* Menu.swift in Sources */,
				69C90C5E1DFB526F0036ADEE /* Level4.swift in Sources */,
				BFDF09A11DE80E50004226DB /* ChangeColorController.swift in Sources */,
				BF7EE0A31DFBC26F00D217C9 /* WallController.swift in Sources */,
				BF17870F1DE4057B00BF12CE /* Controller.swift in Sources */,
				BF2A98471DE9DF0300BC60B2 /* Utils.swift in Sources */,
				BF7EE0981DFB499700D217C9 /* Level3.swift in Sources */,
			);
			runOnlyForDeploymentPostprocessing = 0;
		};
/* End PBXSourcesBuildPhase section */

/* Begin PBXVariantGroup section */
		BFE6BB111DE3F74E00E362C5 /* Main.storyboard */ = {
			isa = PBXVariantGroup;
			children = (
				BFE6BB121DE3F74E00E362C5 /* Base */,
			);
			name = Main.storyboard;
			sourceTree = "<group>";
		};
		BFE6BB161DE3F74E00E362C5 /* LaunchScreen.storyboard */ = {
			isa = PBXVariantGroup;
			children = (
				BFE6BB171DE3F74E00E362C5 /* Base */,
			);
			name = LaunchScreen.storyboard;
			sourceTree = "<group>";
		};
/* End PBXVariantGroup section */

/* Begin XCBuildConfiguration section */
		BFE6BB1A1DE3F74E00E362C5 /* Debug */ = {
			isa = XCBuildConfiguration;
			buildSettings = {
				ALWAYS_SEARCH_USER_PATHS = NO;
				CLANG_ANALYZER_NONNULL = YES;
				CLANG_CXX_LANGUAGE_STANDARD = "gnu++0x";
				CLANG_CXX_LIBRARY = "libc++";
				CLANG_ENABLE_MODULES = YES;
				CLANG_ENABLE_OBJC_ARC = YES;
				CLANG_WARN_BOOL_CONVERSION = YES;
				CLANG_WARN_CONSTANT_CONVERSION = YES;
				CLANG_WARN_DIRECT_OBJC_ISA_USAGE = YES_ERROR;
				CLANG_WARN_DOCUMENTATION_COMMENTS = YES;
				CLANG_WARN_EMPTY_BODY = YES;
				CLANG_WARN_ENUM_CONVERSION = YES;
				CLANG_WARN_INFINITE_RECURSION = YES;
				CLANG_WARN_INT_CONVERSION = YES;
				CLANG_WARN_OBJC_ROOT_CLASS = YES_ERROR;
				CLANG_WARN_SUSPICIOUS_MOVES = YES;
				CLANG_WARN_UNREACHABLE_CODE = YES;
				CLANG_WARN__DUPLICATE_METHOD_MATCH = YES;
				"CODE_SIGN_IDENTITY[sdk=iphoneos*]" = "iPhone Developer";
				COPY_PHASE_STRIP = NO;
				DEBUG_INFORMATION_FORMAT = dwarf;
				ENABLE_STRICT_OBJC_MSGSEND = YES;
				ENABLE_TESTABILITY = YES;
				GCC_C_LANGUAGE_STANDARD = gnu99;
				GCC_DYNAMIC_NO_PIC = NO;
				GCC_NO_COMMON_BLOCKS = YES;
				GCC_OPTIMIZATION_LEVEL = 0;
				GCC_PREPROCESSOR_DEFINITIONS = (
					"DEBUG=1",
					"$(inherited)",
				);
				GCC_WARN_64_TO_32_BIT_CONVERSION = YES;
				GCC_WARN_ABOUT_RETURN_TYPE = YES_ERROR;
				GCC_WARN_UNDECLARED_SELECTOR = YES;
				GCC_WARN_UNINITIALIZED_AUTOS = YES_AGGRESSIVE;
				GCC_WARN_UNUSED_FUNCTION = YES;
				GCC_WARN_UNUSED_VARIABLE = YES;
				IPHONEOS_DEPLOYMENT_TARGET = 10.1;
				MTL_ENABLE_DEBUG_INFO = YES;
				ONLY_ACTIVE_ARCH = YES;
				SDKROOT = iphoneos;
				SWIFT_ACTIVE_COMPILATION_CONDITIONS = DEBUG;
				SWIFT_OPTIMIZATION_LEVEL = "-Onone";
				TARGETED_DEVICE_FAMILY = 2;
			};
			name = Debug;
		};
		BFE6BB1B1DE3F74E00E362C5 /* Release */ = {
			isa = XCBuildConfiguration;
			buildSettings = {
				ALWAYS_SEARCH_USER_PATHS = NO;
				CLANG_ANALYZER_NONNULL = YES;
				CLANG_CXX_LANGUAGE_STANDARD = "gnu++0x";
				CLANG_CXX_LIBRARY = "libc++";
				CLANG_ENABLE_MODULES = YES;
				CLANG_ENABLE_OBJC_ARC = YES;
				CLANG_WARN_BOOL_CONVERSION = YES;
				CLANG_WARN_CONSTANT_CONVERSION = YES;
				CLANG_WARN_DIRECT_OBJC_ISA_USAGE = YES_ERROR;
				CLANG_WARN_DOCUMENTATION_COMMENTS = YES;
				CLANG_WARN_EMPTY_BODY = YES;
				CLANG_WARN_ENUM_CONVERSION = YES;
				CLANG_WARN_INFINITE_RECURSION = YES;
				CLANG_WARN_INT_CONVERSION = YES;
				CLANG_WARN_OBJC_ROOT_CLASS = YES_ERROR;
				CLANG_WARN_SUSPICIOUS_MOVES = YES;
				CLANG_WARN_UNREACHABLE_CODE = YES;
				CLANG_WARN__DUPLICATE_METHOD_MATCH = YES;
				"CODE_SIGN_IDENTITY[sdk=iphoneos*]" = "iPhone Developer";
				COPY_PHASE_STRIP = NO;
				DEBUG_INFORMATION_FORMAT = "dwarf-with-dsym";
				ENABLE_NS_ASSERTIONS = NO;
				ENABLE_STRICT_OBJC_MSGSEND = YES;
				GCC_C_LANGUAGE_STANDARD = gnu99;
				GCC_NO_COMMON_BLOCKS = YES;
				GCC_WARN_64_TO_32_BIT_CONVERSION = YES;
				GCC_WARN_ABOUT_RETURN_TYPE = YES_ERROR;
				GCC_WARN_UNDECLARED_SELECTOR = YES;
				GCC_WARN_UNINITIALIZED_AUTOS = YES_AGGRESSIVE;
				GCC_WARN_UNUSED_FUNCTION = YES;
				GCC_WARN_UNUSED_VARIABLE = YES;
				IPHONEOS_DEPLOYMENT_TARGET = 10.1;
				MTL_ENABLE_DEBUG_INFO = NO;
				SDKROOT = iphoneos;
				SWIFT_OPTIMIZATION_LEVEL = "-Owholemodule";
				TARGETED_DEVICE_FAMILY = 2;
				VALIDATE_PRODUCT = YES;
			};
			name = Release;
		};
		BFE6BB1D1DE3F74E00E362C5 /* Debug */ = {
			isa = XCBuildConfiguration;
			buildSettings = {
				ASSETCATALOG_COMPILER_APPICON_NAME = AppIcon;
				DEVELOPMENT_TEAM = GDY7XCAX4D;
				INFOPLIST_FILE = testPlatformer/Info.plist;
				IPHONEOS_DEPLOYMENT_TARGET = 10.1;
				LD_RUNPATH_SEARCH_PATHS = "$(inherited) @executable_path/Frameworks";
				PRODUCT_BUNDLE_IDENTIFIER = jimmy.testPlatformer;
				PRODUCT_NAME = "$(TARGET_NAME)";
				SWIFT_VERSION = 3.0;
				TARGETED_DEVICE_FAMILY = "1,2";
			};
			name = Debug;
		};
		BFE6BB1E1DE3F74E00E362C5 /* Release */ = {
			isa = XCBuildConfiguration;
			buildSettings = {
				ASSETCATALOG_COMPILER_APPICON_NAME = AppIcon;
				DEVELOPMENT_TEAM = GDY7XCAX4D;
				INFOPLIST_FILE = testPlatformer/Info.plist;
				IPHONEOS_DEPLOYMENT_TARGET = 10.1;
				LD_RUNPATH_SEARCH_PATHS = "$(inherited) @executable_path/Frameworks";
				PRODUCT_BUNDLE_IDENTIFIER = jimmy.testPlatformer;
				PRODUCT_NAME = "$(TARGET_NAME)";
				SWIFT_VERSION = 3.0;
				TARGETED_DEVICE_FAMILY = "1,2";
			};
			name = Release;
		};
/* End XCBuildConfiguration section */

/* Begin XCConfigurationList section */
		BFE6BAFF1DE3F74E00E362C5 /* Build configuration list for PBXProject "testPlatformer" */ = {
			isa = XCConfigurationList;
			buildConfigurations = (
				BFE6BB1A1DE3F74E00E362C5 /* Debug */,
				BFE6BB1B1DE3F74E00E362C5 /* Release */,
			);
			defaultConfigurationIsVisible = 0;
			defaultConfigurationName = Release;
		};
		BFE6BB1C1DE3F74E00E362C5 /* Build configuration list for PBXNativeTarget "testPlatformer" */ = {
			isa = XCConfigurationList;
			buildConfigurations = (
				BFE6BB1D1DE3F74E00E362C5 /* Debug */,
				BFE6BB1E1DE3F74E00E362C5 /* Release */,
			);
			defaultConfigurationIsVisible = 0;
			defaultConfigurationName = Release;
		};
/* End XCConfigurationList section */
	};
	rootObject = BFE6BAFC1DE3F74E00E362C5 /* Project object */;
}
